// !$*UTF8*$!
{
	archiveVersion = 1;
	classes = {
	};
	objectVersion = 50;
	objects = {

/* Begin PBXBuildFile section */
		945F7A5E2653B37400519637 /* OnlineModel.swift in Sources */ = {isa = PBXBuildFile; fileRef = 945F7A5D2653B37400519637 /* OnlineModel.swift */; };
		947DD74C264FA67B00BE9786 /* AppDelegate.swift in Sources */ = {isa = PBXBuildFile; fileRef = 947DD74B264FA67B00BE9786 /* AppDelegate.swift */; };
		947DD74E264FA67B00BE9786 /* SceneDelegate.swift in Sources */ = {isa = PBXBuildFile; fileRef = 947DD74D264FA67B00BE9786 /* SceneDelegate.swift */; };
		947DD750264FA67B00BE9786 /* ContentView.swift in Sources */ = {isa = PBXBuildFile; fileRef = 947DD74F264FA67B00BE9786 /* ContentView.swift */; };
		947DD752264FA67B00BE9786 /* Assets.xcassets in Resources */ = {isa = PBXBuildFile; fileRef = 947DD751264FA67B00BE9786 /* Assets.xcassets */; };
		947DD755264FA67B00BE9786 /* Preview Assets.xcassets in Resources */ = {isa = PBXBuildFile; fileRef = 947DD754264FA67B00BE9786 /* Preview Assets.xcassets */; };
		947DD758264FA67B00BE9786 /* LaunchScreen.storyboard in Resources */ = {isa = PBXBuildFile; fileRef = 947DD756264FA67B00BE9786 /* LaunchScreen.storyboard */; };
		947DD760264FBE5A00BE9786 /* Model.swift in Sources */ = {isa = PBXBuildFile; fileRef = 947DD75F264FBE5A00BE9786 /* Model.swift */; };
/* End PBXBuildFile section */

/* Begin PBXFileReference section */
		945F7A5D2653B37400519637 /* OnlineModel.swift */ = {isa = PBXFileReference; lastKnownFileType = sourcecode.swift; path = OnlineModel.swift; sourceTree = "<group>"; };
		947DD748264FA67B00BE9786 /* SwiftUI_Sample.app */ = {isa = PBXFileReference; explicitFileType = wrapper.application; includeInIndex = 0; path = SwiftUI_Sample.app; sourceTree = BUILT_PRODUCTS_DIR; };
		947DD74B264FA67B00BE9786 /* AppDelegate.swift */ = {isa = PBXFileReference; lastKnownFileType = sourcecode.swift; path = AppDelegate.swift; sourceTree = "<group>"; };
		947DD74D264FA67B00BE9786 /* SceneDelegate.swift */ = {isa = PBXFileReference; lastKnownFileType = sourcecode.swift; path = SceneDelegate.swift; sourceTree = "<group>"; };
		947DD74F264FA67B00BE9786 /* ContentView.swift */ = {isa = PBXFileReference; lastKnownFileType = sourcecode.swift; path = ContentView.swift; sourceTree = "<group>"; };
		947DD751264FA67B00BE9786 /* Assets.xcassets */ = {isa = PBXFileReference; lastKnownFileType = folder.assetcatalog; path = Assets.xcassets; sourceTree = "<group>"; };
		947DD754264FA67B00BE9786 /* Preview Assets.xcassets */ = {isa = PBXFileReference; lastKnownFileType = folder.assetcatalog; path = "Preview Assets.xcassets"; sourceTree = "<group>"; };
		947DD757264FA67B00BE9786 /* Base */ = {isa = PBXFileReference; lastKnownFileType = file.storyboard; name = Base; path = Base.lproj/LaunchScreen.storyboard; sourceTree = "<group>"; };
		947DD759264FA67B00BE9786 /* Info.plist */ = {isa = PBXFileReference; lastKnownFileType = text.plist.xml; path = Info.plist; sourceTree = "<group>"; };
		947DD75F264FBE5A00BE9786 /* Model.swift */ = {isa = PBXFileReference; lastKnownFileType = sourcecode.swift; path = Model.swift; sourceTree = "<group>"; };
/* End PBXFileReference section */

/* Begin PBXFrameworksBuildPhase section */
		947DD745264FA67B00BE9786 /* Frameworks */ = {
			isa = PBXFrameworksBuildPhase;
			buildActionMask = 2147483647;
			files = (
			);
			runOnlyForDeploymentPostprocessing = 0;
		};
/* End PBXFrameworksBuildPhase section */

/* Begin PBXGroup section */
		947DD73F264FA67B00BE9786 = {
			isa = PBXGroup;
			children = (
				947DD74A264FA67B00BE9786 /* SwiftUI_Sample */,
				947DD749264FA67B00BE9786 /* Products */,
			);
			sourceTree = "<group>";
		};
		947DD749264FA67B00BE9786 /* Products */ = {
			isa = PBXGroup;
			children = (
				947DD748264FA67B00BE9786 /* SwiftUI_Sample.app */,
			);
			name = Products;
			sourceTree = "<group>";
		};
		947DD74A264FA67B00BE9786 /* SwiftUI_Sample */ = {
			isa = PBXGroup;
			children = (
				947DD74B264FA67B00BE9786 /* AppDelegate.swift */,
				947DD74D264FA67B00BE9786 /* SceneDelegate.swift */,
				947DD74F264FA67B00BE9786 /* ContentView.swift */,
				947DD75F264FBE5A00BE9786 /* Model.swift */,
				945F7A5D2653B37400519637 /* OnlineModel.swift */,
				947DD751264FA67B00BE9786 /* Assets.xcassets */,
				947DD756264FA67B00BE9786 /* LaunchScreen.storyboard */,
				947DD759264FA67B00BE9786 /* Info.plist */,
				947DD753264FA67B00BE9786 /* Preview Content */,
			);
			path = SwiftUI_Sample;
			sourceTree = "<group>";
		};
		947DD753264FA67B00BE9786 /* Preview Content */ = {
			isa = PBXGroup;
			children = (
				947DD754264FA67B00BE9786 /* Preview Assets.xcassets */,
			);
			path = "Preview Content";
			sourceTree = "<group>";
		};
/* End PBXGroup section */

/* Begin PBXNativeTarget section */
		947DD747264FA67B00BE9786 /* SwiftUI_Sample */ = {
			isa = PBXNativeTarget;
			buildConfigurationList = 947DD75C264FA67C00BE9786 /* Build configuration list for PBXNativeTarget "SwiftUI_Sample" */;
			buildPhases = (
				947DD744264FA67B00BE9786 /* Sources */,
				947DD745264FA67B00BE9786 /* Frameworks */,
				947DD746264FA67B00BE9786 /* Resources */,
			);
			buildRules = (
			);
			dependencies = (
			);
			name = SwiftUI_Sample;
			productName = SwiftUI_Sample;
			productReference = 947DD748264FA67B00BE9786 /* SwiftUI_Sample.app */;
			productType = "com.apple.product-type.application";
		};
/* End PBXNativeTarget section */

/* Begin PBXProject section */
		947DD740264FA67B00BE9786 /* Project object */ = {
			isa = PBXProject;
			attributes = {
				LastSwiftUpdateCheck = 1250;
				LastUpgradeCheck = 1250;
				TargetAttributes = {
					947DD747264FA67B00BE9786 = {
						CreatedOnToolsVersion = 12.5;
					};
				};
			};
			buildConfigurationList = 947DD743264FA67B00BE9786 /* Build configuration list for PBXProject "SwiftUI_Sample" */;
			compatibilityVersion = "Xcode 9.3";
			developmentRegion = en;
			hasScannedForEncodings = 0;
			knownRegions = (
				en,
				Base,
			);
			mainGroup = 947DD73F264FA67B00BE9786;
			productRefGroup = 947DD749264FA67B00BE9786 /* Products */;
			projectDirPath = "";
			projectRoot = "";
			targets = (
				947DD747264FA67B00BE9786 /* SwiftUI_Sample */,
			);
		};
/* End PBXProject section */

/* Begin PBXResourcesBuildPhase section */
		947DD746264FA67B00BE9786 /* Resources */ = {
			isa = PBXResourcesBuildPhase;
			buildActionMask = 2147483647;
			files = (
				947DD758264FA67B00BE9786 /* LaunchScreen.storyboard in Resources */,
				947DD755264FA67B00BE9786 /* Preview Assets.xcassets in Resources */,
				947DD752264FA67B00BE9786 /* Assets.xcassets in Resources */,
			);
			runOnlyForDeploymentPostprocessing = 0;
		};
/* End PBXResourcesBuildPhase section */

/* Begin PBXSourcesBuildPhase section */
		947DD744264FA67B00BE9786 /* Sources */ = {
			isa = PBXSourcesBuildPhase;
			buildActionMask = 2147483647;
			files = (
				945F7A5E2653B37400519637 /* OnlineModel.swift in Sources */,
				947DD74C264FA67B00BE9786 /* AppDelegate.swift in Sources */,
				947DD74E264FA67B00BE9786 /* SceneDelegate.swift in Sources */,
				947DD750264FA67B00BE9786 /* ContentView.swift in Sources */,
				947DD760264FBE5A00BE9786 /* Model.swift in Sources */,
			);
			runOnlyForDeploymentPostprocessing = 0;
		};
/* End PBXSourcesBuildPhase section */

/* Begin PBXVariantGroup section */
		947DD756264FA67B00BE9786 /* LaunchScreen.storyboard */ = {
			isa = PBXVariantGroup;
			children = (
				947DD757264FA67B00BE9786 /* Base */,
			);
			name = LaunchScreen.storyboard;
			sourceTree = "<group>";
		};
/* End PBXVariantGroup section */

/* Begin XCBuildConfiguration section */
		947DD75A264FA67C00BE9786 /* Debug */ = {
			isa = XCBuildConfiguration;
			buildSettings = {
				ALWAYS_SEARCH_USER_PATHS = NO;
				CLANG_ANALYZER_NONNULL = YES;
				CLANG_ANALYZER_NUMBER_OBJECT_CONVERSION = YES_AGGRESSIVE;
				CLANG_CXX_LANGUAGE_STANDARD = "gnu++14";
				CLANG_CXX_LIBRARY = "libc++";
				CLANG_ENABLE_MODULES = YES;
				CLANG_ENABLE_OBJC_ARC = YES;
				CLANG_ENABLE_OBJC_WEAK = YES;
				CLANG_WARN_BLOCK_CAPTURE_AUTORELEASING = YES;
				CLANG_WARN_BOOL_CONVERSION = YES;
				CLANG_WARN_COMMA = YES;
				CLANG_WARN_CONSTANT_CONVERSION = YES;
				CLANG_WARN_DEPRECATED_OBJC_IMPLEMENTATIONS = YES;
				CLANG_WARN_DIRECT_OBJC_ISA_USAGE = YES_ERROR;
				CLANG_WARN_DOCUMENTATION_COMMENTS = YES;
				CLANG_WARN_EMPTY_BODY = YES;
				CLANG_WARN_ENUM_CONVERSION = YES;
				CLANG_WARN_INFINITE_RECURSION = YES;
				CLANG_WARN_INT_CONVERSION = YES;
				CLANG_WARN_NON_LITERAL_NULL_CONVERSION = YES;
				CLANG_WARN_OBJC_IMPLICIT_RETAIN_SELF = YES;
				CLANG_WARN_OBJC_LITERAL_CONVERSION = YES;
				CLANG_WARN_OBJC_ROOT_CLASS = YES_ERROR;
				CLANG_WARN_QUOTED_INCLUDE_IN_FRAMEWORK_HEADER = YES;
				CLANG_WARN_RANGE_LOOP_ANALYSIS = YES;
				CLANG_WARN_STRICT_PROTOTYPES = YES;
				CLANG_WARN_SUSPICIOUS_MOVE = YES;
				CLANG_WARN_UNGUARDED_AVAILABILITY = YES_AGGRESSIVE;
				CLANG_WARN_UNREACHABLE_CODE = YES;
				CLANG_WARN__DUPLICATE_METHOD_MATCH = YES;
				COPY_PHASE_STRIP = NO;
				DEBUG_INFORMATION_FORMAT = dwarf;
				ENABLE_STRICT_OBJC_MSGSEND = YES;
				ENABLE_TESTABILITY = YES;
				GCC_C_LANGUAGE_STANDARD = gnu11;
				GCC_DYNAMIC_NO_PIC = NO;
				GCC_NO_COMMON_BLOCKS = YES;
				GCC_OPTIMIZATION_LEVEL = 0;
				GCC_PREPROCESSOR_DEFINITIONS = (
					"DEBUG=1",
					"$(inherited)",
				);
				GCC_WARN_64_TO_32_BIT_CONVERSION = YES;
				GCC_WARN_ABOUT_RETURN_TYPE = YES_ERROR;
				GCC_WARN_UNDECLARED_SELECTOR = YES;
				GCC_WARN_UNINITIALIZED_AUTOS = YES_AGGRESSIVE;
				GCC_WARN_UNUSED_FUNCTION = YES;
				GCC_WARN_UNUSED_VARIABLE = YES;
				IPHONEOS_DEPLOYMENT_TARGET = 14.5;
				MTL_ENABLE_DEBUG_INFO = INCLUDE_SOURCE;
				MTL_FAST_MATH = YES;
				ONLY_ACTIVE_ARCH = YES;
				SDKROOT = iphoneos;
				SWIFT_ACTIVE_COMPILATION_CONDITIONS = DEBUG;
				SWIFT_OPTIMIZATION_LEVEL = "-Onone";
			};
			name = Debug;
		};
		947DD75B264FA67C00BE9786 /* Release */ = {
			isa = XCBuildConfiguration;
			buildSettings = {
				ALWAYS_SEARCH_USER_PATHS = NO;
				CLANG_ANALYZER_NONNULL = YES;
				CLANG_ANALYZER_NUMBER_OBJECT_CONVERSION = YES_AGGRESSIVE;
				CLANG_CXX_LANGUAGE_STANDARD = "gnu++14";
				CLANG_CXX_LIBRARY = "libc++";
				CLANG_ENABLE_MODULES = YES;
				CLANG_ENABLE_OBJC_ARC = YES;
				CLANG_ENABLE_OBJC_WEAK = YES;
				CLANG_WARN_BLOCK_CAPTURE_AUTORELEASING = YES;
				CLANG_WARN_BOOL_CONVERSION = YES;
				CLANG_WARN_COMMA = YES;
				CLANG_WARN_CONSTANT_CONVERSION = YES;
				CLANG_WARN_DEPRECATED_OBJC_IMPLEMENTATIONS = YES;
				CLANG_WARN_DIRECT_OBJC_ISA_USAGE = YES_ERROR;
				CLANG_WARN_DOCUMENTATION_COMMENTS = YES;
				CLANG_WARN_EMPTY_BODY = YES;
				CLANG_WARN_ENUM_CONVERSION = YES;
				CLANG_WARN_INFINITE_RECURSION = YES;
				CLANG_WARN_INT_CONVERSION = YES;
				CLANG_WARN_NON_LITERAL_NULL_CONVERSION = YES;
				CLANG_WARN_OBJC_IMPLICIT_RETAIN_SELF = YES;
				CLANG_WARN_OBJC_LITERAL_CONVERSION = YES;
				CLANG_WARN_OBJC_ROOT_CLASS = YES_ERROR;
				CLANG_WARN_QUOTED_INCLUDE_IN_FRAMEWORK_HEADER = YES;
				CLANG_WARN_RANGE_LOOP_ANALYSIS = YES;
				CLANG_WARN_STRICT_PROTOTYPES = YES;
				CLANG_WARN_SUSPICIOUS_MOVE = YES;
				CLANG_WARN_UNGUARDED_AVAILABILITY = YES_AGGRESSIVE;
				CLANG_WARN_UNREACHABLE_CODE = YES;
				CLANG_WARN__DUPLICATE_METHOD_MATCH = YES;
				COPY_PHASE_STRIP = NO;
				DEBUG_INFORMATION_FORMAT = "dwarf-with-dsym";
				ENABLE_NS_ASSERTIONS = NO;
				ENABLE_STRICT_OBJC_MSGSEND = YES;
				GCC_C_LANGUAGE_STANDARD = gnu11;
				GCC_NO_COMMON_BLOCKS = YES;
				GCC_WARN_64_TO_32_BIT_CONVERSION = YES;
				GCC_WARN_ABOUT_RETURN_TYPE = YES_ERROR;
				GCC_WARN_UNDECLARED_SELECTOR = YES;
				GCC_WARN_UNINITIALIZED_AUTOS = YES_AGGRESSIVE;
				GCC_WARN_UNUSED_FUNCTION = YES;
				GCC_WARN_UNUSED_VARIABLE = YES;
				IPHONEOS_DEPLOYMENT_TARGET = 14.5;
				MTL_ENABLE_DEBUG_INFO = NO;
				MTL_FAST_MATH = YES;
				SDKROOT = iphoneos;
				SWIFT_COMPILATION_MODE = wholemodule;
				SWIFT_OPTIMIZATION_LEVEL = "-O";
				VALIDATE_PRODUCT = YES;
			};
			name = Release;
		};
		947DD75D264FA67C00BE9786 /* Debug */ = {
			isa = XCBuildConfiguration;
			buildSettings = {
				ASSETCATALOG_COMPILER_APPICON_NAME = AppIcon;
				ASSETCATALOG_COMPILER_GLOBAL_ACCENT_COLOR_NAME = AccentColor;
				CODE_SIGN_STYLE = Automatic;
				DEVELOPMENT_ASSET_PATHS = "\"SwiftUI_Sample/Preview Content\"";
				DEVELOPMENT_TEAM = KDFS53L46Q;
				ENABLE_PREVIEWS = YES;
				INFOPLIST_FILE = SwiftUI_Sample/Info.plist;
				LD_RUNPATH_SEARCH_PATHS = (
					"$(inherited)",
					"@executable_path/Frameworks",
				);
				PRODUCT_BUNDLE_IDENTIFIER = "com.nick10811.SwiftUI-Sample";
				PRODUCT_NAME = "$(TARGET_NAME)";
				SWIFT_VERSION = 5.0;
				TARGETED_DEVICE_FAMILY = "1,2";
			};
			name = Debug;
		};
		947DD75E264FA67C00BE9786 /* Release */ = {
			isa = XCBuildConfiguration;
			buildSettings = {
				ASSETCATALOG_COMPILER_APPICON_NAME = AppIcon;
				ASSETCATALOG_COMPILER_GLOBAL_ACCENT_COLOR_NAME = AccentColor;
				CODE_SIGN_STYLE = Automatic;
				DEVELOPMENT_ASSET_PATHS = "\"SwiftUI_Sample/Preview Content\"";
				DEVELOPMENT_TEAM = KDFS53L46Q;
				ENABLE_PREVIEWS = YES;
				INFOPLIST_FILE = SwiftUI_Sample/Info.plist;
				LD_RUNPATH_SEARCH_PATHS = (
					"$(inherited)",
					"@executable_path/Frameworks",
				);
				PRODUCT_BUNDLE_IDENTIFIER = "com.nick10811.SwiftUI-Sample";
				PRODUCT_NAME = "$(TARGET_NAME)";
				SWIFT_VERSION = 5.0;
				TARGETED_DEVICE_FAMILY = "1,2";
			};
			name = Release;
		};
/* End XCBuildConfiguration section */

/* Begin XCConfigurationList section */
		947DD743264FA67B00BE9786 /* Build configuration list for PBXProject "SwiftUI_Sample" */ = {
			isa = XCConfigurationList;
			buildConfigurations = (
				947DD75A264FA67C00BE9786 /* Debug */,
				947DD75B264FA67C00BE9786 /* Release */,
			);
			defaultConfigurationIsVisible = 0;
			defaultConfigurationName = Release;
		};
		947DD75C264FA67C00BE9786 /* Build configuration list for PBXNativeTarget "SwiftUI_Sample" */ = {
			isa = XCConfigurationList;
			buildConfigurations = (
				947DD75D264FA67C00BE9786 /* Debug */,
				947DD75E264FA67C00BE9786 /* Release */,
			);
			defaultConfigurationIsVisible = 0;
			defaultConfigurationName = Release;
		};
/* End XCConfigurationList section */
	};
	rootObject = 947DD740264FA67B00BE9786 /* Project object */;
}
